
Microsoft Visual Studio Solution File, Format Version 12.00
# Visual Studio Version 17
VisualStudioVersion = 17.9.34728.123
MinimumVisualStudioVersion = 10.0.40219.1
Project("{FAE04EC0-301F-11D3-BF4B-00C04F79EFBC}") = "FlavorText", "FlavorText.csproj", "{5F1D8C6D-E127-4001-A575-E56D99DF271F}"
EndProject
Project("{FAE04EC0-301F-11D3-BF4B-00C04F79EFBC}") = "VEF", "..\VEF\VEF.csproj", "{DE55BDEC-4DC3-437D-8B2B-0D1B089B8924}"
EndProject
Global
	GlobalSection(SolutionConfigurationPlatforms) = preSolution
		Debug|Any CPU = Debug|Any CPU
		Release|Any CPU = Release|Any CPU
	EndGlobalSection
	GlobalSection(ProjectConfigurationPlatforms) = postSolution
		{5F1D8C6D-E127-4001-A575-E56D99DF271F}.Debug|Any CPU.ActiveCfg = Release|Any CPU
		{5F1D8C6D-E127-4001-A575-E56D99DF271F}.Debug|Any CPU.Build.0 = Release|Any CPU
		{5F1D8C6D-E127-4001-A575-E56D99DF271F}.Release|Any CPU.ActiveCfg = Release|Any CPU
		{5F1D8C6D-E127-4001-A575-E56D99DF271F}.Release|Any CPU.Build.0 = Release|Any CPU
		{DE55BDEC-4DC3-437D-8B2B-0D1B089B8924}.Debug|Any CPU.ActiveCfg = Debug|Any CPU
		{DE55BDEC-4DC3-437D-8B2B-0D1B089B8924}.Debug|Any CPU.Build.0 = Debug|Any CPU
		{DE55BDEC-4DC3-437D-8B2B-0D1B089B8924}.Release|Any CPU.ActiveCfg = Release|Any CPU
		{DE55BDEC-4DC3-437D-8B2B-0D1B089B8924}.Release|Any CPU.Build.0 = Release|Any CPU
	EndGlobalSection
	GlobalSection(SolutionProperties) = preSolution
		HideSolutionNode = FALSE
	EndGlobalSection
	GlobalSection(ExtensibilityGlobals) = postSolution
		SolutionGuid = {14B02227-E6C4-4A9B-8F18-2BFE71C91350}
	EndGlobalSection
EndGlobal
